
Microsoft Visual Studio Solution File, Format Version 12.00
# Visual Studio 2015
Project("{FAE04EC0-301F-11D3-BF4B-00C04F79EFBC}") = "sandbox_techTree.Plugins", "sandbox_techTree.Plugins.csproj", "{B2DC6B7C-DEE5-9427-128F-E3FE0D8CB7DF}"
EndProject
Project("{FAE04EC0-301F-11D3-BF4B-00C04F79EFBC}") = "sandbox_techTree", "sandbox_techTree.csproj", "{92049D25-600A-FC59-EFF3-004B871B1B02}"
EndProject
Project("{FAE04EC0-301F-11D3-BF4B-00C04F79EFBC}") = "sandbox_techTree.Editor", "sandbox_techTree.Editor.csproj", "{1FD2334B-72F1-42B1-AE06-7B605DD89167}"
EndProject
Global
	GlobalSection(SolutionConfigurationPlatforms) = preSolution
		Debug|Any CPU = Debug|Any CPU
		Release|Any CPU = Release|Any CPU
	EndGlobalSection
	GlobalSection(ProjectConfigurationPlatforms) = postSolution
		{B2DC6B7C-DEE5-9427-128F-E3FE0D8CB7DF}.Debug|Any CPU.ActiveCfg = Debug|Any CPU
		{B2DC6B7C-DEE5-9427-128F-E3FE0D8CB7DF}.Debug|Any CPU.Build.0 = Debug|Any CPU
		{B2DC6B7C-DEE5-9427-128F-E3FE0D8CB7DF}.Release|Any CPU.ActiveCfg = Release|Any CPU
		{B2DC6B7C-DEE5-9427-128F-E3FE0D8CB7DF}.Release|Any CPU.Build.0 = Release|Any CPU
		{92049D25-600A-FC59-EFF3-004B871B1B02}.Debug|Any CPU.ActiveCfg = Debug|Any CPU
		{92049D25-600A-FC59-EFF3-004B871B1B02}.Debug|Any CPU.Build.0 = Debug|Any CPU
		{92049D25-600A-FC59-EFF3-004B871B1B02}.Release|Any CPU.ActiveCfg = Release|Any CPU
		{92049D25-600A-FC59-EFF3-004B871B1B02}.Release|Any CPU.Build.0 = Release|Any CPU
		{1FD2334B-72F1-42B1-AE06-7B605DD89167}.Debug|Any CPU.ActiveCfg = Debug|Any CPU
		{1FD2334B-72F1-42B1-AE06-7B605DD89167}.Debug|Any CPU.Build.0 = Debug|Any CPU
		{1FD2334B-72F1-42B1-AE06-7B605DD89167}.Release|Any CPU.ActiveCfg = Release|Any CPU
		{1FD2334B-72F1-42B1-AE06-7B605DD89167}.Release|Any CPU.Build.0 = Release|Any CPU
	EndGlobalSection
	GlobalSection(SolutionProperties) = preSolution
		HideSolutionNode = FALSE
	EndGlobalSection
EndGlobal
