
Microsoft Visual Studio Solution File, Format Version 12.00
# Visual Studio 2015
Project("{FAE04EC0-301F-11D3-BF4B-00C04F79EFBC}") = "sandbox_techTree.CSharp", "sandbox_techTree.CSharp.csproj", "{7E8086B9-C615-6C53-89F7-662652B861F4}"
EndProject
Global
	GlobalSection(SolutionConfigurationPlatforms) = preSolution
		Debug|Any CPU = Debug|Any CPU
		Release|Any CPU = Release|Any CPU
	EndGlobalSection
	GlobalSection(ProjectConfigurationPlatforms) = postSolution
		{7E8086B9-C615-6C53-89F7-662652B861F4}.Debug|Any CPU.ActiveCfg = Debug|Any CPU
		{7E8086B9-C615-6C53-89F7-662652B861F4}.Debug|Any CPU.Build.0 = Debug|Any CPU
		{7E8086B9-C615-6C53-89F7-662652B861F4}.Release|Any CPU.ActiveCfg = Release|Any CPU
		{7E8086B9-C615-6C53-89F7-662652B861F4}.Release|Any CPU.Build.0 = Release|Any CPU
	EndGlobalSection
	GlobalSection(SolutionProperties) = preSolution
		HideSolutionNode = FALSE
	EndGlobalSection
EndGlobal
